
Microsoft Visual Studio Solution File, Format Version 12.00
# Visual Studio 15
VisualStudioVersion = 15.0.28307.757
MinimumVisualStudioVersion = 10.0.40219.1
Project("{FAE04EC0-301F-11D3-BF4B-00C04F79EFBC}") = "IHMP.MediaCollector", "IHMP.MediaCollector\IHMP.MediaCollector.csproj", "{D8C232D0-8AA5-4591-B580-99FDBBC49E39}"
EndProject
Project("{FAE04EC0-301F-11D3-BF4B-00C04F79EFBC}") = "IHMP.FaceDetect", "IHMP.FaceDetect\IHMP.FaceDetect.csproj", "{F9117E1A-BF4F-4413-847F-36A16F8DA721}"
EndProject
Global
	GlobalSection(SolutionConfigurationPlatforms) = preSolution
		Debug|Any CPU = Debug|Any CPU
		Release|Any CPU = Release|Any CPU
	EndGlobalSection
	GlobalSection(ProjectConfigurationPlatforms) = postSolution
		{D8C232D0-8AA5-4591-B580-99FDBBC49E39}.Debug|Any CPU.ActiveCfg = Debug|Any CPU
		{D8C232D0-8AA5-4591-B580-99FDBBC49E39}.Debug|Any CPU.Build.0 = Debug|Any CPU
		{D8C232D0-8AA5-4591-B580-99FDBBC49E39}.Release|Any CPU.ActiveCfg = Release|Any CPU
		{D8C232D0-8AA5-4591-B580-99FDBBC49E39}.Release|Any CPU.Build.0 = Release|Any CPU
		{F9117E1A-BF4F-4413-847F-36A16F8DA721}.Debug|Any CPU.ActiveCfg = Debug|Any CPU
		{F9117E1A-BF4F-4413-847F-36A16F8DA721}.Debug|Any CPU.Build.0 = Debug|Any CPU
		{F9117E1A-BF4F-4413-847F-36A16F8DA721}.Release|Any CPU.ActiveCfg = Release|Any CPU
		{F9117E1A-BF4F-4413-847F-36A16F8DA721}.Release|Any CPU.Build.0 = Release|Any CPU
	EndGlobalSection
	GlobalSection(SolutionProperties) = preSolution
		HideSolutionNode = FALSE
	EndGlobalSection
	GlobalSection(ExtensibilityGlobals) = postSolution
		SolutionGuid = {811102D0-5AF5-4CCE-A08A-17763A7730C1}
	EndGlobalSection
EndGlobal
